// !$*UTF8*$!
{
	archiveVersion = 1;
	classes = {
	};
	objectVersion = 50;
	objects = {

/* Begin PBXBuildFile section */
		1714FFB7262B347F00293756 /* AppDelegate.swift in Sources */ = {isa = PBXBuildFile; fileRef = 1714FFB6262B347F00293756 /* AppDelegate.swift */; };
		1714FFB9262B347F00293756 /* SceneDelegate.swift in Sources */ = {isa = PBXBuildFile; fileRef = 1714FFB8262B347F00293756 /* SceneDelegate.swift */; };
		1714FFBB262B347F00293756 /* ProjectProgressViewController.swift in Sources */ = {isa = PBXBuildFile; fileRef = 1714FFBA262B347F00293756 /* ProjectProgressViewController.swift */; };
		1714FFBE262B347F00293756 /* Main.storyboard in Resources */ = {isa = PBXBuildFile; fileRef = 1714FFBC262B347F00293756 /* Main.storyboard */; };
		1714FFC0262B347F00293756 /* Assets.xcassets in Resources */ = {isa = PBXBuildFile; fileRef = 1714FFBF262B347F00293756 /* Assets.xcassets */; };
		1714FFC3262B347F00293756 /* LaunchScreen.storyboard in Resources */ = {isa = PBXBuildFile; fileRef = 1714FFC1262B347F00293756 /* LaunchScreen.storyboard */; };
		1714FFCE262B347F00293756 /* DefaultProjectProgressPresenterTests.swift in Sources */ = {isa = PBXBuildFile; fileRef = 1714FFCD262B347F00293756 /* DefaultProjectProgressPresenterTests.swift */; };
		1714FFED262B359500293756 /* ProjectProgressPresenter.swift in Sources */ = {isa = PBXBuildFile; fileRef = 1714FFEC262B359500293756 /* ProjectProgressPresenter.swift */; };
		1714FFFC262B374400293756 /* ProjectProgressViewMock.swift in Sources */ = {isa = PBXBuildFile; fileRef = 1714FFFB262B374400293756 /* ProjectProgressViewMock.swift */; };
/* End PBXBuildFile section */

/* Begin PBXContainerItemProxy section */
		1714FFCA262B347F00293756 /* PBXContainerItemProxy */ = {
			isa = PBXContainerItemProxy;
			containerPortal = 1714FFAB262B347F00293756 /* Project object */;
			proxyType = 1;
			remoteGlobalIDString = 1714FFB2262B347F00293756;
			remoteInfo = ProjectTracker_TDD_ON;
		};
/* End PBXContainerItemProxy section */

/* Begin PBXFileReference section */
		1714FFB3262B347F00293756 /* ProjectTracker_TDD_ON.app */ = {isa = PBXFileReference; explicitFileType = wrapper.application; includeInIndex = 0; path = ProjectTracker_TDD_ON.app; sourceTree = BUILT_PRODUCTS_DIR; };
		1714FFB6262B347F00293756 /* AppDelegate.swift */ = {isa = PBXFileReference; lastKnownFileType = sourcecode.swift; path = AppDelegate.swift; sourceTree = "<group>"; };
		1714FFB8262B347F00293756 /* SceneDelegate.swift */ = {isa = PBXFileReference; lastKnownFileType = sourcecode.swift; path = SceneDelegate.swift; sourceTree = "<group>"; };
		1714FFBA262B347F00293756 /* ProjectProgressViewController.swift */ = {isa = PBXFileReference; lastKnownFileType = sourcecode.swift; path = ProjectProgressViewController.swift; sourceTree = "<group>"; };
		1714FFBD262B347F00293756 /* Base */ = {isa = PBXFileReference; lastKnownFileType = file.storyboard; name = Base; path = Base.lproj/Main.storyboard; sourceTree = "<group>"; };
		1714FFBF262B347F00293756 /* Assets.xcassets */ = {isa = PBXFileReference; lastKnownFileType = folder.assetcatalog; path = Assets.xcassets; sourceTree = "<group>"; };
		1714FFC2262B347F00293756 /* Base */ = {isa = PBXFileReference; lastKnownFileType = file.storyboard; name = Base; path = Base.lproj/LaunchScreen.storyboard; sourceTree = "<group>"; };
		1714FFC4262B347F00293756 /* Info.plist */ = {isa = PBXFileReference; lastKnownFileType = text.plist.xml; path = Info.plist; sourceTree = "<group>"; };
		1714FFC9262B347F00293756 /* ProjectTracker_TDD_ONTests.xctest */ = {isa = PBXFileReference; explicitFileType = wrapper.cfbundle; includeInIndex = 0; path = ProjectTracker_TDD_ONTests.xctest; sourceTree = BUILT_PRODUCTS_DIR; };
		1714FFCD262B347F00293756 /* DefaultProjectProgressPresenterTests.swift */ = {isa = PBXFileReference; lastKnownFileType = sourcecode.swift; path = DefaultProjectProgressPresenterTests.swift; sourceTree = "<group>"; };
		1714FFCF262B347F00293756 /* Info.plist */ = {isa = PBXFileReference; lastKnownFileType = text.plist.xml; path = Info.plist; sourceTree = "<group>"; };
		1714FFEC262B359500293756 /* ProjectProgressPresenter.swift */ = {isa = PBXFileReference; lastKnownFileType = sourcecode.swift; path = ProjectProgressPresenter.swift; sourceTree = "<group>"; };
		1714FFFB262B374400293756 /* ProjectProgressViewMock.swift */ = {isa = PBXFileReference; lastKnownFileType = sourcecode.swift; path = ProjectProgressViewMock.swift; sourceTree = "<group>"; };
/* End PBXFileReference section */

/* Begin PBXFrameworksBuildPhase section */
		1714FFB0262B347F00293756 /* Frameworks */ = {
			isa = PBXFrameworksBuildPhase;
			buildActionMask = 2147483647;
			files = (
			);
			runOnlyForDeploymentPostprocessing = 0;
		};
		1714FFC6262B347F00293756 /* Frameworks */ = {
			isa = PBXFrameworksBuildPhase;
			buildActionMask = 2147483647;
			files = (
			);
			runOnlyForDeploymentPostprocessing = 0;
		};
/* End PBXFrameworksBuildPhase section */

/* Begin PBXGroup section */
		1714FFAA262B347F00293756 = {
			isa = PBXGroup;
			children = (
				1714FFB5262B347F00293756 /* ProjectTracker_TDD_ON */,
				1714FFCC262B347F00293756 /* ProjectTracker_TDD_ONTests */,
				1714FFB4262B347F00293756 /* Products */,
			);
			sourceTree = "<group>";
		};
		1714FFB4262B347F00293756 /* Products */ = {
			isa = PBXGroup;
			children = (
				1714FFB3262B347F00293756 /* ProjectTracker_TDD_ON.app */,
				1714FFC9262B347F00293756 /* ProjectTracker_TDD_ONTests.xctest */,
			);
			name = Products;
			sourceTree = "<group>";
		};
		1714FFB5262B347F00293756 /* ProjectTracker_TDD_ON */ = {
			isa = PBXGroup;
			children = (
				1714FFB6262B347F00293756 /* AppDelegate.swift */,
				1714FFB8262B347F00293756 /* SceneDelegate.swift */,
				1714FFF1262B35A100293756 /* ProjectProgress */,
				1714FFBC262B347F00293756 /* Main.storyboard */,
				1714FFBF262B347F00293756 /* Assets.xcassets */,
				1714FFC1262B347F00293756 /* LaunchScreen.storyboard */,
				1714FFC4262B347F00293756 /* Info.plist */,
			);
			path = ProjectTracker_TDD_ON;
			sourceTree = "<group>";
		};
		1714FFCC262B347F00293756 /* ProjectTracker_TDD_ONTests */ = {
			isa = PBXGroup;
			children = (
				1714FFCD262B347F00293756 /* DefaultProjectProgressPresenterTests.swift */,
				1714FFFA262B369300293756 /* Mocks */,
				1714FFCF262B347F00293756 /* Info.plist */,
			);
			path = ProjectTracker_TDD_ONTests;
			sourceTree = "<group>";
		};
		1714FFF1262B35A100293756 /* ProjectProgress */ = {
			isa = PBXGroup;
			children = (
				1714FFBA262B347F00293756 /* ProjectProgressViewController.swift */,
				1714FFEC262B359500293756 /* ProjectProgressPresenter.swift */,
			);
			path = ProjectProgress;
			sourceTree = "<group>";
		};
		1714FFFA262B369300293756 /* Mocks */ = {
			isa = PBXGroup;
			children = (
				1714FFFB262B374400293756 /* ProjectProgressViewMock.swift */,
			);
			path = Mocks;
			sourceTree = "<group>";
		};
/* End PBXGroup section */

/* Begin PBXNativeTarget section */
		1714FFB2262B347F00293756 /* ProjectTracker_TDD_ON */ = {
			isa = PBXNativeTarget;
			buildConfigurationList = 1714FFDD262B348000293756 /* Build configuration list for PBXNativeTarget "ProjectTracker_TDD_ON" */;
			buildPhases = (
				1714FFAF262B347F00293756 /* Sources */,
				1714FFB0262B347F00293756 /* Frameworks */,
				1714FFB1262B347F00293756 /* Resources */,
			);
			buildRules = (
			);
			dependencies = (
			);
			name = ProjectTracker_TDD_ON;
			productName = ProjectTracker_TDD_ON;
			productReference = 1714FFB3262B347F00293756 /* ProjectTracker_TDD_ON.app */;
			productType = "com.apple.product-type.application";
		};
		1714FFC8262B347F00293756 /* ProjectTracker_TDD_ONTests */ = {
			isa = PBXNativeTarget;
			buildConfigurationList = 1714FFE0262B348000293756 /* Build configuration list for PBXNativeTarget "ProjectTracker_TDD_ONTests" */;
			buildPhases = (
				1714FFC5262B347F00293756 /* Sources */,
				1714FFC6262B347F00293756 /* Frameworks */,
				1714FFC7262B347F00293756 /* Resources */,
			);
			buildRules = (
			);
			dependencies = (
				1714FFCB262B347F00293756 /* PBXTargetDependency */,
			);
			name = ProjectTracker_TDD_ONTests;
			productName = ProjectTracker_TDD_ONTests;
			productReference = 1714FFC9262B347F00293756 /* ProjectTracker_TDD_ONTests.xctest */;
			productType = "com.apple.product-type.bundle.unit-test";
		};
/* End PBXNativeTarget section */

/* Begin PBXProject section */
		1714FFAB262B347F00293756 /* Project object */ = {
			isa = PBXProject;
			attributes = {
				LastSwiftUpdateCheck = 1240;
				LastUpgradeCheck = 1240;
				TargetAttributes = {
					1714FFB2262B347F00293756 = {
						CreatedOnToolsVersion = 12.4;
					};
					1714FFC8262B347F00293756 = {
						CreatedOnToolsVersion = 12.4;
						TestTargetID = 1714FFB2262B347F00293756;
					};
				};
			};
			buildConfigurationList = 1714FFAE262B347F00293756 /* Build configuration list for PBXProject "ProjectTracker_TDD_ON" */;
			compatibilityVersion = "Xcode 9.3";
			developmentRegion = en;
			hasScannedForEncodings = 0;
			knownRegions = (
				en,
				Base,
			);
			mainGroup = 1714FFAA262B347F00293756;
			productRefGroup = 1714FFB4262B347F00293756 /* Products */;
			projectDirPath = "";
			projectRoot = "";
			targets = (
				1714FFB2262B347F00293756 /* ProjectTracker_TDD_ON */,
				1714FFC8262B347F00293756 /* ProjectTracker_TDD_ONTests */,
			);
		};
/* End PBXProject section */

/* Begin PBXResourcesBuildPhase section */
		1714FFB1262B347F00293756 /* Resources */ = {
			isa = PBXResourcesBuildPhase;
			buildActionMask = 2147483647;
			files = (
				1714FFC3262B347F00293756 /* LaunchScreen.storyboard in Resources */,
				1714FFC0262B347F00293756 /* Assets.xcassets in Resources */,
				1714FFBE262B347F00293756 /* Main.storyboard in Resources */,
			);
			runOnlyForDeploymentPostprocessing = 0;
		};
		1714FFC7262B347F00293756 /* Resources */ = {
			isa = PBXResourcesBuildPhase;
			buildActionMask = 2147483647;
			files = (
			);
			runOnlyForDeploymentPostprocessing = 0;
		};
/* End PBXResourcesBuildPhase section */

/* Begin PBXSourcesBuildPhase section */
		1714FFAF262B347F00293756 /* Sources */ = {
			isa = PBXSourcesBuildPhase;
			buildActionMask = 2147483647;
			files = (
				1714FFBB262B347F00293756 /* ProjectProgressViewController.swift in Sources */,
				1714FFED262B359500293756 /* ProjectProgressPresenter.swift in Sources */,
				1714FFB7262B347F00293756 /* AppDelegate.swift in Sources */,
				1714FFB9262B347F00293756 /* SceneDelegate.swift in Sources */,
			);
			runOnlyForDeploymentPostprocessing = 0;
		};
		1714FFC5262B347F00293756 /* Sources */ = {
			isa = PBXSourcesBuildPhase;
			buildActionMask = 2147483647;
			files = (
				1714FFCE262B347F00293756 /* DefaultProjectProgressPresenterTests.swift in Sources */,
				1714FFFC262B374400293756 /* ProjectProgressViewMock.swift in Sources */,
			);
			runOnlyForDeploymentPostprocessing = 0;
		};
/* End PBXSourcesBuildPhase section */

/* Begin PBXTargetDependency section */
		1714FFCB262B347F00293756 /* PBXTargetDependency */ = {
			isa = PBXTargetDependency;
			target = 1714FFB2262B347F00293756 /* ProjectTracker_TDD_ON */;
			targetProxy = 1714FFCA262B347F00293756 /* PBXContainerItemProxy */;
		};
/* End PBXTargetDependency section */

/* Begin PBXVariantGroup section */
		1714FFBC262B347F00293756 /* Main.storyboard */ = {
			isa = PBXVariantGroup;
			children = (
				1714FFBD262B347F00293756 /* Base */,
			);
			name = Main.storyboard;
			sourceTree = "<group>";
		};
		1714FFC1262B347F00293756 /* LaunchScreen.storyboard */ = {
			isa = PBXVariantGroup;
			children = (
				1714FFC2262B347F00293756 /* Base */,
			);
			name = LaunchScreen.storyboard;
			sourceTree = "<group>";
		};
/* End PBXVariantGroup section */

/* Begin XCBuildConfiguration section */
		1714FFDB262B348000293756 /* Debug */ = {
			isa = XCBuildConfiguration;
			buildSettings = {
				ALWAYS_SEARCH_USER_PATHS = NO;
				CLANG_ANALYZER_NONNULL = YES;
				CLANG_ANALYZER_NUMBER_OBJECT_CONVERSION = YES_AGGRESSIVE;
				CLANG_CXX_LANGUAGE_STANDARD = "gnu++14";
				CLANG_CXX_LIBRARY = "libc++";
				CLANG_ENABLE_MODULES = YES;
				CLANG_ENABLE_OBJC_ARC = YES;
				CLANG_ENABLE_OBJC_WEAK = YES;
				CLANG_WARN_BLOCK_CAPTURE_AUTORELEASING = YES;
				CLANG_WARN_BOOL_CONVERSION = YES;
				CLANG_WARN_COMMA = YES;
				CLANG_WARN_CONSTANT_CONVERSION = YES;
				CLANG_WARN_DEPRECATED_OBJC_IMPLEMENTATIONS = YES;
				CLANG_WARN_DIRECT_OBJC_ISA_USAGE = YES_ERROR;
				CLANG_WARN_DOCUMENTATION_COMMENTS = YES;
				CLANG_WARN_EMPTY_BODY = YES;
				CLANG_WARN_ENUM_CONVERSION = YES;
				CLANG_WARN_INFINITE_RECURSION = YES;
				CLANG_WARN_INT_CONVERSION = YES;
				CLANG_WARN_NON_LITERAL_NULL_CONVERSION = YES;
				CLANG_WARN_OBJC_IMPLICIT_RETAIN_SELF = YES;
				CLANG_WARN_OBJC_LITERAL_CONVERSION = YES;
				CLANG_WARN_OBJC_ROOT_CLASS = YES_ERROR;
				CLANG_WARN_QUOTED_INCLUDE_IN_FRAMEWORK_HEADER = YES;
				CLANG_WARN_RANGE_LOOP_ANALYSIS = YES;
				CLANG_WARN_STRICT_PROTOTYPES = YES;
				CLANG_WARN_SUSPICIOUS_MOVE = YES;
				CLANG_WARN_UNGUARDED_AVAILABILITY = YES_AGGRESSIVE;
				CLANG_WARN_UNREACHABLE_CODE = YES;
				CLANG_WARN__DUPLICATE_METHOD_MATCH = YES;
				COPY_PHASE_STRIP = NO;
				DEBUG_INFORMATION_FORMAT = dwarf;
				ENABLE_STRICT_OBJC_MSGSEND = YES;
				ENABLE_TESTABILITY = YES;
				GCC_C_LANGUAGE_STANDARD = gnu11;
				GCC_DYNAMIC_NO_PIC = NO;
				GCC_NO_COMMON_BLOCKS = YES;
				GCC_OPTIMIZATION_LEVEL = 0;
				GCC_PREPROCESSOR_DEFINITIONS = (
					"DEBUG=1",
					"$(inherited)",
				);
				GCC_WARN_64_TO_32_BIT_CONVERSION = YES;
				GCC_WARN_ABOUT_RETURN_TYPE = YES_ERROR;
				GCC_WARN_UNDECLARED_SELECTOR = YES;
				GCC_WARN_UNINITIALIZED_AUTOS = YES_AGGRESSIVE;
				GCC_WARN_UNUSED_FUNCTION = YES;
				GCC_WARN_UNUSED_VARIABLE = YES;
				IPHONEOS_DEPLOYMENT_TARGET = 14.4;
				MTL_ENABLE_DEBUG_INFO = INCLUDE_SOURCE;
				MTL_FAST_MATH = YES;
				ONLY_ACTIVE_ARCH = YES;
				SDKROOT = iphoneos;
				SWIFT_ACTIVE_COMPILATION_CONDITIONS = DEBUG;
				SWIFT_OPTIMIZATION_LEVEL = "-Onone";
			};
			name = Debug;
		};
		1714FFDC262B348000293756 /* Release */ = {
			isa = XCBuildConfiguration;
			buildSettings = {
				ALWAYS_SEARCH_USER_PATHS = NO;
				CLANG_ANALYZER_NONNULL = YES;
				CLANG_ANALYZER_NUMBER_OBJECT_CONVERSION = YES_AGGRESSIVE;
				CLANG_CXX_LANGUAGE_STANDARD = "gnu++14";
				CLANG_CXX_LIBRARY = "libc++";
				CLANG_ENABLE_MODULES = YES;
				CLANG_ENABLE_OBJC_ARC = YES;
				CLANG_ENABLE_OBJC_WEAK = YES;
				CLANG_WARN_BLOCK_CAPTURE_AUTORELEASING = YES;
				CLANG_WARN_BOOL_CONVERSION = YES;
				CLANG_WARN_COMMA = YES;
				CLANG_WARN_CONSTANT_CONVERSION = YES;
				CLANG_WARN_DEPRECATED_OBJC_IMPLEMENTATIONS = YES;
				CLANG_WARN_DIRECT_OBJC_ISA_USAGE = YES_ERROR;
				CLANG_WARN_DOCUMENTATION_COMMENTS = YES;
				CLANG_WARN_EMPTY_BODY = YES;
				CLANG_WARN_ENUM_CONVERSION = YES;
				CLANG_WARN_INFINITE_RECURSION = YES;
				CLANG_WARN_INT_CONVERSION = YES;
				CLANG_WARN_NON_LITERAL_NULL_CONVERSION = YES;
				CLANG_WARN_OBJC_IMPLICIT_RETAIN_SELF = YES;
				CLANG_WARN_OBJC_LITERAL_CONVERSION = YES;
				CLANG_WARN_OBJC_ROOT_CLASS = YES_ERROR;
				CLANG_WARN_QUOTED_INCLUDE_IN_FRAMEWORK_HEADER = YES;
				CLANG_WARN_RANGE_LOOP_ANALYSIS = YES;
				CLANG_WARN_STRICT_PROTOTYPES = YES;
				CLANG_WARN_SUSPICIOUS_MOVE = YES;
				CLANG_WARN_UNGUARDED_AVAILABILITY = YES_AGGRESSIVE;
				CLANG_WARN_UNREACHABLE_CODE = YES;
				CLANG_WARN__DUPLICATE_METHOD_MATCH = YES;
				COPY_PHASE_STRIP = NO;
				DEBUG_INFORMATION_FORMAT = "dwarf-with-dsym";
				ENABLE_NS_ASSERTIONS = NO;
				ENABLE_STRICT_OBJC_MSGSEND = YES;
				GCC_C_LANGUAGE_STANDARD = gnu11;
				GCC_NO_COMMON_BLOCKS = YES;
				GCC_WARN_64_TO_32_BIT_CONVERSION = YES;
				GCC_WARN_ABOUT_RETURN_TYPE = YES_ERROR;
				GCC_WARN_UNDECLARED_SELECTOR = YES;
				GCC_WARN_UNINITIALIZED_AUTOS = YES_AGGRESSIVE;
				GCC_WARN_UNUSED_FUNCTION = YES;
				GCC_WARN_UNUSED_VARIABLE = YES;
				IPHONEOS_DEPLOYMENT_TARGET = 14.4;
				MTL_ENABLE_DEBUG_INFO = NO;
				MTL_FAST_MATH = YES;
				SDKROOT = iphoneos;
				SWIFT_COMPILATION_MODE = wholemodule;
				SWIFT_OPTIMIZATION_LEVEL = "-O";
				VALIDATE_PRODUCT = YES;
			};
			name = Release;
		};
		1714FFDE262B348000293756 /* Debug */ = {
			isa = XCBuildConfiguration;
			buildSettings = {
				ASSETCATALOG_COMPILER_APPICON_NAME = AppIcon;
				ASSETCATALOG_COMPILER_GLOBAL_ACCENT_COLOR_NAME = AccentColor;
				CODE_SIGN_STYLE = Automatic;
				DEVELOPMENT_TEAM = 8MM4UC4S28;
				INFOPLIST_FILE = ProjectTracker_TDD_ON/Info.plist;
				LD_RUNPATH_SEARCH_PATHS = (
					"$(inherited)",
					"@executable_path/Frameworks",
				);
				PRODUCT_BUNDLE_IDENTIFIER = "com.ihorsavynskyi.ProjectTracker-TDD-ON";
				PRODUCT_NAME = "$(TARGET_NAME)";
				SWIFT_VERSION = 5.0;
				TARGETED_DEVICE_FAMILY = "1,2";
			};
			name = Debug;
		};
		1714FFDF262B348000293756 /* Release */ = {
			isa = XCBuildConfiguration;
			buildSettings = {
				ASSETCATALOG_COMPILER_APPICON_NAME = AppIcon;
				ASSETCATALOG_COMPILER_GLOBAL_ACCENT_COLOR_NAME = AccentColor;
				CODE_SIGN_STYLE = Automatic;
				DEVELOPMENT_TEAM = 8MM4UC4S28;
				INFOPLIST_FILE = ProjectTracker_TDD_ON/Info.plist;
				LD_RUNPATH_SEARCH_PATHS = (
					"$(inherited)",
					"@executable_path/Frameworks",
				);
				PRODUCT_BUNDLE_IDENTIFIER = "com.ihorsavynskyi.ProjectTracker-TDD-ON";
				PRODUCT_NAME = "$(TARGET_NAME)";
				SWIFT_VERSION = 5.0;
				TARGETED_DEVICE_FAMILY = "1,2";
			};
			name = Release;
		};
		1714FFE1262B348000293756 /* Debug */ = {
			isa = XCBuildConfiguration;
			buildSettings = {
				ALWAYS_EMBED_SWIFT_STANDARD_LIBRARIES = YES;
				BUNDLE_LOADER = "$(TEST_HOST)";
				CODE_SIGN_STYLE = Automatic;
				DEVELOPMENT_TEAM = 8MM4UC4S28;
				INFOPLIST_FILE = ProjectTracker_TDD_ONTests/Info.plist;
				IPHONEOS_DEPLOYMENT_TARGET = 14.4;
				LD_RUNPATH_SEARCH_PATHS = (
					"$(inherited)",
					"@executable_path/Frameworks",
					"@loader_path/Frameworks",
				);
				PRODUCT_BUNDLE_IDENTIFIER = "com.ihorsavynskyi.ProjectTracker-TDD-ONTests";
				PRODUCT_NAME = "$(TARGET_NAME)";
				SWIFT_VERSION = 5.0;
				TARGETED_DEVICE_FAMILY = "1,2";
				TEST_HOST = "$(BUILT_PRODUCTS_DIR)/ProjectTracker_TDD_ON.app/ProjectTracker_TDD_ON";
			};
			name = Debug;
		};
		1714FFE2262B348000293756 /* Release */ = {
			isa = XCBuildConfiguration;
			buildSettings = {
				ALWAYS_EMBED_SWIFT_STANDARD_LIBRARIES = YES;
				BUNDLE_LOADER = "$(TEST_HOST)";
				CODE_SIGN_STYLE = Automatic;
				DEVELOPMENT_TEAM = 8MM4UC4S28;
				INFOPLIST_FILE = ProjectTracker_TDD_ONTests/Info.plist;
				IPHONEOS_DEPLOYMENT_TARGET = 14.4;
				LD_RUNPATH_SEARCH_PATHS = (
					"$(inherited)",
					"@executable_path/Frameworks",
					"@loader_path/Frameworks",
				);
				PRODUCT_BUNDLE_IDENTIFIER = "com.ihorsavynskyi.ProjectTracker-TDD-ONTests";
				PRODUCT_NAME = "$(TARGET_NAME)";
				SWIFT_VERSION = 5.0;
				TARGETED_DEVICE_FAMILY = "1,2";
				TEST_HOST = "$(BUILT_PRODUCTS_DIR)/ProjectTracker_TDD_ON.app/ProjectTracker_TDD_ON";
			};
			name = Release;
		};
/* End XCBuildConfiguration section */

/* Begin XCConfigurationList section */
		1714FFAE262B347F00293756 /* Build configuration list for PBXProject "ProjectTracker_TDD_ON" */ = {
			isa = XCConfigurationList;
			buildConfigurations = (
				1714FFDB262B348000293756 /* Debug */,
				1714FFDC262B348000293756 /* Release */,
			);
			defaultConfigurationIsVisible = 0;
			defaultConfigurationName = Release;
		};
		1714FFDD262B348000293756 /* Build configuration list for PBXNativeTarget "ProjectTracker_TDD_ON" */ = {
			isa = XCConfigurationList;
			buildConfigurations = (
				1714FFDE262B348000293756 /* Debug */,
				1714FFDF262B348000293756 /* Release */,
			);
			defaultConfigurationIsVisible = 0;
			defaultConfigurationName = Release;
		};
		1714FFE0262B348000293756 /* Build configuration list for PBXNativeTarget "ProjectTracker_TDD_ONTests" */ = {
			isa = XCConfigurationList;
			buildConfigurations = (
				1714FFE1262B348000293756 /* Debug */,
				1714FFE2262B348000293756 /* Release */,
			);
			defaultConfigurationIsVisible = 0;
			defaultConfigurationName = Release;
		};
/* End XCConfigurationList section */
	};
	rootObject = 1714FFAB262B347F00293756 /* Project object */;
}
